
Microsoft Visual Studio Solution File, Format Version 12.00
# Visual Studio Version 17
VisualStudioVersion = 17.6.33829.357
MinimumVisualStudioVersion = 10.0.40219.1
Project("{9A19103F-16F7-4668-BE54-9A1E7A4F7556}") = "TallerMecanico.Entities", "TallerMecanico.Entities\TallerMecanico.Entities.csproj", "{5906A5F3-3B2B-47AC-B0C4-15115E8E7D45}"
EndProject
Project("{9A19103F-16F7-4668-BE54-9A1E7A4F7556}") = "TallerMecanico.DAL", "TallerMecanico.DAL\TallerMecanico.DAL.csproj", "{D1330084-810B-4FD5-AEBF-0A4B728D53A7}"
EndProject
Project("{9A19103F-16F7-4668-BE54-9A1E7A4F7556}") = "TallerMecanico.Business", "TallerMecanico.Business\TallerMecanico.Business.csproj", "{23452C66-2C4E-4B9D-A83D-E64A93A110E2}"
EndProject
Project("{9A19103F-16F7-4668-BE54-9A1E7A4F7556}") = "TallerMecanico.Common", "TallerMecanico.Common\TallerMecanico.Common.csproj", "{F257C374-89BF-4000-9E74-EF5632093C43}"
EndProject
Project("{9A19103F-16F7-4668-BE54-9A1E7A4F7556}") = "TallerMecanico.API", "TallerMecanico.API\TallerMecanico.API.csproj", "{A646884F-23C1-40E7-80AB-C40B741685E0}"
EndProject
Project("{FAE04EC0-301F-11D3-BF4B-00C04F79EFBC}") = "TallerMecanico.Tests", "TallerMecanico.Tests\TallerMecanico.Tests.csproj", "{9D2E24FC-8EA7-4C22-91AA-38BDCE37477E}"
EndProject
Global
	GlobalSection(SolutionConfigurationPlatforms) = preSolution
		Debug|Any CPU = Debug|Any CPU
		Release|Any CPU = Release|Any CPU
	EndGlobalSection
	GlobalSection(ProjectConfigurationPlatforms) = postSolution
		{5906A5F3-3B2B-47AC-B0C4-15115E8E7D45}.Debug|Any CPU.ActiveCfg = Debug|Any CPU
		{5906A5F3-3B2B-47AC-B0C4-15115E8E7D45}.Debug|Any CPU.Build.0 = Debug|Any CPU
		{5906A5F3-3B2B-47AC-B0C4-15115E8E7D45}.Release|Any CPU.ActiveCfg = Release|Any CPU
		{5906A5F3-3B2B-47AC-B0C4-15115E8E7D45}.Release|Any CPU.Build.0 = Release|Any CPU
		{D1330084-810B-4FD5-AEBF-0A4B728D53A7}.Debug|Any CPU.ActiveCfg = Debug|Any CPU
		{D1330084-810B-4FD5-AEBF-0A4B728D53A7}.Debug|Any CPU.Build.0 = Debug|Any CPU
		{D1330084-810B-4FD5-AEBF-0A4B728D53A7}.Release|Any CPU.ActiveCfg = Release|Any CPU
		{D1330084-810B-4FD5-AEBF-0A4B728D53A7}.Release|Any CPU.Build.0 = Release|Any CPU
		{23452C66-2C4E-4B9D-A83D-E64A93A110E2}.Debug|Any CPU.ActiveCfg = Debug|Any CPU
		{23452C66-2C4E-4B9D-A83D-E64A93A110E2}.Debug|Any CPU.Build.0 = Debug|Any CPU
		{23452C66-2C4E-4B9D-A83D-E64A93A110E2}.Release|Any CPU.ActiveCfg = Release|Any CPU
		{23452C66-2C4E-4B9D-A83D-E64A93A110E2}.Release|Any CPU.Build.0 = Release|Any CPU
		{F257C374-89BF-4000-9E74-EF5632093C43}.Debug|Any CPU.ActiveCfg = Debug|Any CPU
		{F257C374-89BF-4000-9E74-EF5632093C43}.Debug|Any CPU.Build.0 = Debug|Any CPU
		{F257C374-89BF-4000-9E74-EF5632093C43}.Release|Any CPU.ActiveCfg = Release|Any CPU
		{F257C374-89BF-4000-9E74-EF5632093C43}.Release|Any CPU.Build.0 = Release|Any CPU
		{A646884F-23C1-40E7-80AB-C40B741685E0}.Debug|Any CPU.ActiveCfg = Debug|Any CPU
		{A646884F-23C1-40E7-80AB-C40B741685E0}.Debug|Any CPU.Build.0 = Debug|Any CPU
		{A646884F-23C1-40E7-80AB-C40B741685E0}.Release|Any CPU.ActiveCfg = Release|Any CPU
		{A646884F-23C1-40E7-80AB-C40B741685E0}.Release|Any CPU.Build.0 = Release|Any CPU
		{9D2E24FC-8EA7-4C22-91AA-38BDCE37477E}.Debug|Any CPU.ActiveCfg = Debug|Any CPU
		{9D2E24FC-8EA7-4C22-91AA-38BDCE37477E}.Debug|Any CPU.Build.0 = Debug|Any CPU
		{9D2E24FC-8EA7-4C22-91AA-38BDCE37477E}.Release|Any CPU.ActiveCfg = Release|Any CPU
		{9D2E24FC-8EA7-4C22-91AA-38BDCE37477E}.Release|Any CPU.Build.0 = Release|Any CPU
	EndGlobalSection
	GlobalSection(SolutionProperties) = preSolution
		HideSolutionNode = FALSE
	EndGlobalSection
	GlobalSection(ExtensibilityGlobals) = postSolution
		SolutionGuid = {165DFF39-BC1F-4A35-920F-00AA7E48AF04}
	EndGlobalSection
EndGlobal
